// !$*UTF8*$!
{
	archiveVersion = 1;
	classes = {
	};
	objectVersion = 50;
	objects = {

/* Begin PBXBuildFile section */
		AAAD96C120FD8996001439DD /* AppDelegate.m in Sources */ = {isa = PBXBuildFile; fileRef = AAAD96C020FD8996001439DD /* AppDelegate.m */; };
		AAAD96C420FD8996001439DD /* ViewController.m in Sources */ = {isa = PBXBuildFile; fileRef = AAAD96C320FD8996001439DD /* ViewController.m */; };
		AAAD96C720FD8996001439DD /* Main.storyboard in Resources */ = {isa = PBXBuildFile; fileRef = AAAD96C520FD8996001439DD /* Main.storyboard */; };
		AAAD96C920FD89A1001439DD /* Assets.xcassets in Resources */ = {isa = PBXBuildFile; fileRef = AAAD96C820FD89A1001439DD /* Assets.xcassets */; };
		AAAD96CC20FD89A1001439DD /* LaunchScreen.storyboard in Resources */ = {isa = PBXBuildFile; fileRef = AAAD96CA20FD89A1001439DD /* LaunchScreen.storyboard */; };
		AAAD96CF20FD89A1001439DD /* main.m in Sources */ = {isa = PBXBuildFile; fileRef = AAAD96CE20FD89A1001439DD /* main.m */; };
		AAAD96D920FD89A2001439DD /* YJCustomCameraTests.m in Sources */ = {isa = PBXBuildFile; fileRef = AAAD96D820FD89A2001439DD /* YJCustomCameraTests.m */; };
		AAAD96E420FD89A2001439DD /* YJCustomCameraUITests.m in Sources */ = {isa = PBXBuildFile; fileRef = AAAD96E320FD89A2001439DD /* YJCustomCameraUITests.m */; };
		AAAD96FC20FD89EE001439DD /* YJAVPlayer.m in Sources */ = {isa = PBXBuildFile; fileRef = AAAD96F520FD89EE001439DD /* YJAVPlayer.m */; };
		AAAD96FD20FD89EE001439DD /* YJProgressView.m in Sources */ = {isa = PBXBuildFile; fileRef = AAAD96F720FD89EE001439DD /* YJProgressView.m */; };
		AAAD96FE20FD89EE001439DD /* YJVideoController.m in Sources */ = {isa = PBXBuildFile; fileRef = AAAD96F920FD89EE001439DD /* YJVideoController.m */; };
		AAAD96FF20FD89EE001439DD /* YJVideoView.m in Sources */ = {isa = PBXBuildFile; fileRef = AAAD96FB20FD89EE001439DD /* YJVideoView.m */; };
		AAAD971B20FD8B45001439DD /* Info.plist in Resources */ = {isa = PBXBuildFile; fileRef = AAAD970120FD8B45001439DD /* Info.plist */; };
		AAAD971C20FD8B45001439DD /* MASCompositeConstraint.m in Sources */ = {isa = PBXBuildFile; fileRef = AAAD970320FD8B45001439DD /* MASCompositeConstraint.m */; };
		AAAD971D20FD8B45001439DD /* MASConstraint.m in Sources */ = {isa = PBXBuildFile; fileRef = AAAD970620FD8B45001439DD /* MASConstraint.m */; };
		AAAD971E20FD8B45001439DD /* MASConstraintMaker.m in Sources */ = {isa = PBXBuildFile; fileRef = AAAD970820FD8B45001439DD /* MASConstraintMaker.m */; };
		AAAD971F20FD8B45001439DD /* MASLayoutConstraint.m in Sources */ = {isa = PBXBuildFile; fileRef = AAAD970A20FD8B45001439DD /* MASLayoutConstraint.m */; };
		AAAD972020FD8B45001439DD /* MASViewAttribute.m in Sources */ = {isa = PBXBuildFile; fileRef = AAAD970E20FD8B45001439DD /* MASViewAttribute.m */; };
		AAAD972120FD8B45001439DD /* MASViewConstraint.m in Sources */ = {isa = PBXBuildFile; fileRef = AAAD971020FD8B45001439DD /* MASViewConstraint.m */; };
		AAAD972220FD8B45001439DD /* NSArray+MASAdditions.m in Sources */ = {isa = PBXBuildFile; fileRef = AAAD971220FD8B45001439DD /* NSArray+MASAdditions.m */; };
		AAAD972320FD8B45001439DD /* NSLayoutConstraint+MASDebugAdditions.m in Sources */ = {isa = PBXBuildFile; fileRef = AAAD971520FD8B45001439DD /* NSLayoutConstraint+MASDebugAdditions.m */; };
		AAAD972420FD8B45001439DD /* View+MASAdditions.m in Sources */ = {isa = PBXBuildFile; fileRef = AAAD971720FD8B45001439DD /* View+MASAdditions.m */; };
		AAAD972520FD8B45001439DD /* ViewController+MASAdditions.m in Sources */ = {isa = PBXBuildFile; fileRef = AAAD971A20FD8B45001439DD /* ViewController+MASAdditions.m */; };
		AAAD972920FD8BEA001439DD /* UIUtility.m in Sources */ = {isa = PBXBuildFile; fileRef = AAAD972820FD8BEA001439DD /* UIUtility.m */; };
		AAAD973120FD9886001439DD /* IMG_0286.PNG in Resources */ = {isa = PBXBuildFile; fileRef = AAAD972C20FD9885001439DD /* IMG_0286.PNG */; };
		AAAD973220FD9886001439DD /* IMG_0285.PNG in Resources */ = {isa = PBXBuildFile; fileRef = AAAD972D20FD9885001439DD /* IMG_0285.PNG */; };
		AAAD973320FD9886001439DD /* IMG_0288.PNG in Resources */ = {isa = PBXBuildFile; fileRef = AAAD972E20FD9885001439DD /* IMG_0288.PNG */; };
		AAAD973420FD9886001439DD /* IMG_0289.PNG in Resources */ = {isa = PBXBuildFile; fileRef = AAAD972F20FD9885001439DD /* IMG_0289.PNG */; };
		AAAD973520FD9886001439DD /* IMG_0287.mov in Resources */ = {isa = PBXBuildFile; fileRef = AAAD973020FD9886001439DD /* IMG_0287.mov */; };
/* End PBXBuildFile section */

/* Begin PBXContainerItemProxy section */
		AAAD96D520FD89A2001439DD /* PBXContainerItemProxy */ = {
			isa = PBXContainerItemProxy;
			containerPortal = AAAD96B420FD8996001439DD /* Project object */;
			proxyType = 1;
			remoteGlobalIDString = AAAD96BB20FD8996001439DD;
			remoteInfo = YJCustomCamera;
		};
		AAAD96E020FD89A2001439DD /* PBXContainerItemProxy */ = {
			isa = PBXContainerItemProxy;
			containerPortal = AAAD96B420FD8996001439DD /* Project object */;
			proxyType = 1;
			remoteGlobalIDString = AAAD96BB20FD8996001439DD;
			remoteInfo = YJCustomCamera;
		};
/* End PBXContainerItemProxy section */

/* Begin PBXFileReference section */
		AAAD96BC20FD8996001439DD /* YJCustomCamera.app */ = {isa = PBXFileReference; explicitFileType = wrapper.application; includeInIndex = 0; path = YJCustomCamera.app; sourceTree = BUILT_PRODUCTS_DIR; };
		AAAD96BF20FD8996001439DD /* AppDelegate.h */ = {isa = PBXFileReference; lastKnownFileType = sourcecode.c.h; path = AppDelegate.h; sourceTree = "<group>"; };
		AAAD96C020FD8996001439DD /* AppDelegate.m */ = {isa = PBXFileReference; lastKnownFileType = sourcecode.c.objc; path = AppDelegate.m; sourceTree = "<group>"; };
		AAAD96C220FD8996001439DD /* ViewController.h */ = {isa = PBXFileReference; lastKnownFileType = sourcecode.c.h; path = ViewController.h; sourceTree = "<group>"; };
		AAAD96C320FD8996001439DD /* ViewController.m */ = {isa = PBXFileReference; lastKnownFileType = sourcecode.c.objc; path = ViewController.m; sourceTree = "<group>"; };
		AAAD96C620FD8996001439DD /* Base */ = {isa = PBXFileReference; lastKnownFileType = file.storyboard; name = Base; path = Base.lproj/Main.storyboard; sourceTree = "<group>"; };
		AAAD96C820FD89A1001439DD /* Assets.xcassets */ = {isa = PBXFileReference; lastKnownFileType = folder.assetcatalog; path = Assets.xcassets; sourceTree = "<group>"; };
		AAAD96CB20FD89A1001439DD /* Base */ = {isa = PBXFileReference; lastKnownFileType = file.storyboard; name = Base; path = Base.lproj/LaunchScreen.storyboard; sourceTree = "<group>"; };
		AAAD96CD20FD89A1001439DD /* Info.plist */ = {isa = PBXFileReference; lastKnownFileType = text.plist.xml; path = Info.plist; sourceTree = "<group>"; };
		AAAD96CE20FD89A1001439DD /* main.m */ = {isa = PBXFileReference; lastKnownFileType = sourcecode.c.objc; path = main.m; sourceTree = "<group>"; };
		AAAD96D420FD89A2001439DD /* YJCustomCameraTests.xctest */ = {isa = PBXFileReference; explicitFileType = wrapper.cfbundle; includeInIndex = 0; path = YJCustomCameraTests.xctest; sourceTree = BUILT_PRODUCTS_DIR; };
		AAAD96D820FD89A2001439DD /* YJCustomCameraTests.m */ = {isa = PBXFileReference; lastKnownFileType = sourcecode.c.objc; path = YJCustomCameraTests.m; sourceTree = "<group>"; };
		AAAD96DA20FD89A2001439DD /* Info.plist */ = {isa = PBXFileReference; lastKnownFileType = text.plist.xml; path = Info.plist; sourceTree = "<group>"; };
		AAAD96DF20FD89A2001439DD /* YJCustomCameraUITests.xctest */ = {isa = PBXFileReference; explicitFileType = wrapper.cfbundle; includeInIndex = 0; path = YJCustomCameraUITests.xctest; sourceTree = BUILT_PRODUCTS_DIR; };
		AAAD96E320FD89A2001439DD /* YJCustomCameraUITests.m */ = {isa = PBXFileReference; lastKnownFileType = sourcecode.c.objc; path = YJCustomCameraUITests.m; sourceTree = "<group>"; };
		AAAD96E520FD89A2001439DD /* Info.plist */ = {isa = PBXFileReference; lastKnownFileType = text.plist.xml; path = Info.plist; sourceTree = "<group>"; };
		AAAD96F420FD89EE001439DD /* YJAVPlayer.h */ = {isa = PBXFileReference; fileEncoding = 4; lastKnownFileType = sourcecode.c.h; path = YJAVPlayer.h; sourceTree = "<group>"; };
		AAAD96F520FD89EE001439DD /* YJAVPlayer.m */ = {isa = PBXFileReference; fileEncoding = 4; lastKnownFileType = sourcecode.c.objc; path = YJAVPlayer.m; sourceTree = "<group>"; };
		AAAD96F620FD89EE001439DD /* YJProgressView.h */ = {isa = PBXFileReference; fileEncoding = 4; lastKnownFileType = sourcecode.c.h; path = YJProgressView.h; sourceTree = "<group>"; };
		AAAD96F720FD89EE001439DD /* YJProgressView.m */ = {isa = PBXFileReference; fileEncoding = 4; lastKnownFileType = sourcecode.c.objc; path = YJProgressView.m; sourceTree = "<group>"; };
		AAAD96F820FD89EE001439DD /* YJVideoController.h */ = {isa = PBXFileReference; fileEncoding = 4; lastKnownFileType = sourcecode.c.h; path = YJVideoController.h; sourceTree = "<group>"; };
		AAAD96F920FD89EE001439DD /* YJVideoController.m */ = {isa = PBXFileReference; fileEncoding = 4; lastKnownFileType = sourcecode.c.objc; path = YJVideoController.m; sourceTree = "<group>"; };
		AAAD96FA20FD89EE001439DD /* YJVideoView.h */ = {isa = PBXFileReference; fileEncoding = 4; lastKnownFileType = sourcecode.c.h; path = YJVideoView.h; sourceTree = "<group>"; };
		AAAD96FB20FD89EE001439DD /* YJVideoView.m */ = {isa = PBXFileReference; fileEncoding = 4; lastKnownFileType = sourcecode.c.objc; path = YJVideoView.m; sourceTree = "<group>"; };
		AAAD970120FD8B45001439DD /* Info.plist */ = {isa = PBXFileReference; fileEncoding = 4; lastKnownFileType = text.plist.xml; path = Info.plist; sourceTree = "<group>"; };
		AAAD970220FD8B45001439DD /* MASCompositeConstraint.h */ = {isa = PBXFileReference; fileEncoding = 4; lastKnownFileType = sourcecode.c.h; path = MASCompositeConstraint.h; sourceTree = "<group>"; };
		AAAD970320FD8B45001439DD /* MASCompositeConstraint.m */ = {isa = PBXFileReference; fileEncoding = 4; lastKnownFileType = sourcecode.c.objc; path = MASCompositeConstraint.m; sourceTree = "<group>"; };
		AAAD970420FD8B45001439DD /* MASConstraint+Private.h */ = {isa = PBXFileReference; fileEncoding = 4; lastKnownFileType = sourcecode.c.h; path = "MASConstraint+Private.h"; sourceTree = "<group>"; };
		AAAD970520FD8B45001439DD /* MASConstraint.h */ = {isa = PBXFileReference; fileEncoding = 4; lastKnownFileType = sourcecode.c.h; path = MASConstraint.h; sourceTree = "<group>"; };
		AAAD970620FD8B45001439DD /* MASConstraint.m */ = {isa = PBXFileReference; fileEncoding = 4; lastKnownFileType = sourcecode.c.objc; path = MASConstraint.m; sourceTree = "<group>"; };
		AAAD970720FD8B45001439DD /* MASConstraintMaker.h */ = {isa = PBXFileReference; fileEncoding = 4; lastKnownFileType = sourcecode.c.h; path = MASConstraintMaker.h; sourceTree = "<group>"; };
		AAAD970820FD8B45001439DD /* MASConstraintMaker.m */ = {isa = PBXFileReference; fileEncoding = 4; lastKnownFileType = sourcecode.c.objc; path = MASConstraintMaker.m; sourceTree = "<group>"; };
		AAAD970920FD8B45001439DD /* MASLayoutConstraint.h */ = {isa = PBXFileReference; fileEncoding = 4; lastKnownFileType = sourcecode.c.h; path = MASLayoutConstraint.h; sourceTree = "<group>"; };
		AAAD970A20FD8B45001439DD /* MASLayoutConstraint.m */ = {isa = PBXFileReference; fileEncoding = 4; lastKnownFileType = sourcecode.c.objc; path = MASLayoutConstraint.m; sourceTree = "<group>"; };
		AAAD970B20FD8B45001439DD /* Masonry.h */ = {isa = PBXFileReference; fileEncoding = 4; lastKnownFileType = sourcecode.c.h; path = Masonry.h; sourceTree = "<group>"; };
		AAAD970C20FD8B45001439DD /* MASUtilities.h */ = {isa = PBXFileReference; fileEncoding = 4; lastKnownFileType = sourcecode.c.h; path = MASUtilities.h; sourceTree = "<group>"; };
		AAAD970D20FD8B45001439DD /* MASViewAttribute.h */ = {isa = PBXFileReference; fileEncoding = 4; lastKnownFileType = sourcecode.c.h; path = MASViewAttribute.h; sourceTree = "<group>"; };
		AAAD970E20FD8B45001439DD /* MASViewAttribute.m */ = {isa = PBXFileReference; fileEncoding = 4; lastKnownFileType = sourcecode.c.objc; path = MASViewAttribute.m; sourceTree = "<group>"; };
		AAAD970F20FD8B45001439DD /* MASViewConstraint.h */ = {isa = PBXFileReference; fileEncoding = 4; lastKnownFileType = sourcecode.c.h; path = MASViewConstraint.h; sourceTree = "<group>"; };
		AAAD971020FD8B45001439DD /* MASViewConstraint.m */ = {isa = PBXFileReference; fileEncoding = 4; lastKnownFileType = sourcecode.c.objc; path = MASViewConstraint.m; sourceTree = "<group>"; };
		AAAD971120FD8B45001439DD /* NSArray+MASAdditions.h */ = {isa = PBXFileReference; fileEncoding = 4; lastKnownFileType = sourcecode.c.h; path = "NSArray+MASAdditions.h"; sourceTree = "<group>"; };
		AAAD971220FD8B45001439DD /* NSArray+MASAdditions.m */ = {isa = PBXFileReference; fileEncoding = 4; lastKnownFileType = sourcecode.c.objc; path = "NSArray+MASAdditions.m"; sourceTree = "<group>"; };
		AAAD971320FD8B45001439DD /* NSArray+MASShorthandAdditions.h */ = {isa = PBXFileReference; fileEncoding = 4; lastKnownFileType = sourcecode.c.h; path = "NSArray+MASShorthandAdditions.h"; sourceTree = "<group>"; };
		AAAD971420FD8B45001439DD /* NSLayoutConstraint+MASDebugAdditions.h */ = {isa = PBXFileReference; fileEncoding = 4; lastKnownFileType = sourcecode.c.h; path = "NSLayoutConstraint+MASDebugAdditions.h"; sourceTree = "<group>"; };
		AAAD971520FD8B45001439DD /* NSLayoutConstraint+MASDebugAdditions.m */ = {isa = PBXFileReference; fileEncoding = 4; lastKnownFileType = sourcecode.c.objc; path = "NSLayoutConstraint+MASDebugAdditions.m"; sourceTree = "<group>"; };
		AAAD971620FD8B45001439DD /* View+MASAdditions.h */ = {isa = PBXFileReference; fileEncoding = 4; lastKnownFileType = sourcecode.c.h; path = "View+MASAdditions.h"; sourceTree = "<group>"; };
		AAAD971720FD8B45001439DD /* View+MASAdditions.m */ = {isa = PBXFileReference; fileEncoding = 4; lastKnownFileType = sourcecode.c.objc; path = "View+MASAdditions.m"; sourceTree = "<group>"; };
		AAAD971820FD8B45001439DD /* View+MASShorthandAdditions.h */ = {isa = PBXFileReference; fileEncoding = 4; lastKnownFileType = sourcecode.c.h; path = "View+MASShorthandAdditions.h"; sourceTree = "<group>"; };
		AAAD971920FD8B45001439DD /* ViewController+MASAdditions.h */ = {isa = PBXFileReference; fileEncoding = 4; lastKnownFileType = sourcecode.c.h; path = "ViewController+MASAdditions.h"; sourceTree = "<group>"; };
		AAAD971A20FD8B45001439DD /* ViewController+MASAdditions.m */ = {isa = PBXFileReference; fileEncoding = 4; lastKnownFileType = sourcecode.c.objc; path = "ViewController+MASAdditions.m"; sourceTree = "<group>"; };
		AAAD972720FD8BEA001439DD /* UIUtility.h */ = {isa = PBXFileReference; fileEncoding = 4; lastKnownFileType = sourcecode.c.h; path = UIUtility.h; sourceTree = "<group>"; };
		AAAD972820FD8BEA001439DD /* UIUtility.m */ = {isa = PBXFileReference; fileEncoding = 4; lastKnownFileType = sourcecode.c.objc; path = UIUtility.m; sourceTree = "<group>"; };
		AAAD972A20FD8D11001439DD /* UtilsMacro.h */ = {isa = PBXFileReference; fileEncoding = 4; lastKnownFileType = sourcecode.c.h; path = UtilsMacro.h; sourceTree = "<group>"; };
		AAAD972C20FD9885001439DD /* IMG_0286.PNG */ = {isa = PBXFileReference; lastKnownFileType = image.png; path = IMG_0286.PNG; sourceTree = "<group>"; };
		AAAD972D20FD9885001439DD /* IMG_0285.PNG */ = {isa = PBXFileReference; lastKnownFileType = image.png; path = IMG_0285.PNG; sourceTree = "<group>"; };
		AAAD972E20FD9885001439DD /* IMG_0288.PNG */ = {isa = PBXFileReference; lastKnownFileType = image.png; path = IMG_0288.PNG; sourceTree = "<group>"; };
		AAAD972F20FD9885001439DD /* IMG_0289.PNG */ = {isa = PBXFileReference; lastKnownFileType = image.png; path = IMG_0289.PNG; sourceTree = "<group>"; };
		AAAD973020FD9886001439DD /* IMG_0287.mov */ = {isa = PBXFileReference; lastKnownFileType = video.quicktime; path = IMG_0287.mov; sourceTree = "<group>"; };
/* End PBXFileReference section */

/* Begin PBXFrameworksBuildPhase section */
		AAAD96B920FD8996001439DD /* Frameworks */ = {
			isa = PBXFrameworksBuildPhase;
			buildActionMask = 2147483647;
			files = (
			);
			runOnlyForDeploymentPostprocessing = 0;
		};
		AAAD96D120FD89A2001439DD /* Frameworks */ = {
			isa = PBXFrameworksBuildPhase;
			buildActionMask = 2147483647;
			files = (
			);
			runOnlyForDeploymentPostprocessing = 0;
		};
		AAAD96DC20FD89A2001439DD /* Frameworks */ = {
			isa = PBXFrameworksBuildPhase;
			buildActionMask = 2147483647;
			files = (
			);
			runOnlyForDeploymentPostprocessing = 0;
		};
/* End PBXFrameworksBuildPhase section */

/* Begin PBXGroup section */
		AAAD96B320FD8996001439DD = {
			isa = PBXGroup;
			children = (
				AAAD96BE20FD8996001439DD /* YJCustomCamera */,
				AAAD96D720FD89A2001439DD /* YJCustomCameraTests */,
				AAAD96E220FD89A2001439DD /* YJCustomCameraUITests */,
				AAAD96BD20FD8996001439DD /* Products */,
			);
			sourceTree = "<group>";
		};
		AAAD96BD20FD8996001439DD /* Products */ = {
			isa = PBXGroup;
			children = (
				AAAD96BC20FD8996001439DD /* YJCustomCamera.app */,
				AAAD96D420FD89A2001439DD /* YJCustomCameraTests.xctest */,
				AAAD96DF20FD89A2001439DD /* YJCustomCameraUITests.xctest */,
			);
			name = Products;
			sourceTree = "<group>";
		};
		AAAD96BE20FD8996001439DD /* YJCustomCamera */ = {
			isa = PBXGroup;
			children = (
				AAAD972B20FD985A001439DD /* resource */,
				AAAD972620FD8BDC001439DD /* Utility */,
				AAAD970020FD8B45001439DD /* Masonry */,
				AAAD96F320FD89EE001439DD /* YJCamera */,
				AAAD96BF20FD8996001439DD /* AppDelegate.h */,
				AAAD96C020FD8996001439DD /* AppDelegate.m */,
				AAAD96C220FD8996001439DD /* ViewController.h */,
				AAAD96C320FD8996001439DD /* ViewController.m */,
				AAAD96C520FD8996001439DD /* Main.storyboard */,
				AAAD96C820FD89A1001439DD /* Assets.xcassets */,
				AAAD96CA20FD89A1001439DD /* LaunchScreen.storyboard */,
				AAAD96CD20FD89A1001439DD /* Info.plist */,
				AAAD96CE20FD89A1001439DD /* main.m */,
			);
			path = YJCustomCamera;
			sourceTree = "<group>";
		};
		AAAD96D720FD89A2001439DD /* YJCustomCameraTests */ = {
			isa = PBXGroup;
			children = (
				AAAD96D820FD89A2001439DD /* YJCustomCameraTests.m */,
				AAAD96DA20FD89A2001439DD /* Info.plist */,
			);
			path = YJCustomCameraTests;
			sourceTree = "<group>";
		};
		AAAD96E220FD89A2001439DD /* YJCustomCameraUITests */ = {
			isa = PBXGroup;
			children = (
				AAAD96E320FD89A2001439DD /* YJCustomCameraUITests.m */,
				AAAD96E520FD89A2001439DD /* Info.plist */,
			);
			path = YJCustomCameraUITests;
			sourceTree = "<group>";
		};
		AAAD96F320FD89EE001439DD /* YJCamera */ = {
			isa = PBXGroup;
			children = (
				AAAD96F420FD89EE001439DD /* YJAVPlayer.h */,
				AAAD96F520FD89EE001439DD /* YJAVPlayer.m */,
				AAAD96F620FD89EE001439DD /* YJProgressView.h */,
				AAAD96F720FD89EE001439DD /* YJProgressView.m */,
				AAAD96F820FD89EE001439DD /* YJVideoController.h */,
				AAAD96F920FD89EE001439DD /* YJVideoController.m */,
				AAAD96FA20FD89EE001439DD /* YJVideoView.h */,
				AAAD96FB20FD89EE001439DD /* YJVideoView.m */,
			);
			path = YJCamera;
			sourceTree = "<group>";
		};
		AAAD970020FD8B45001439DD /* Masonry */ = {
			isa = PBXGroup;
			children = (
				AAAD970120FD8B45001439DD /* Info.plist */,
				AAAD970220FD8B45001439DD /* MASCompositeConstraint.h */,
				AAAD970320FD8B45001439DD /* MASCompositeConstraint.m */,
				AAAD970420FD8B45001439DD /* MASConstraint+Private.h */,
				AAAD970520FD8B45001439DD /* MASConstraint.h */,
				AAAD970620FD8B45001439DD /* MASConstraint.m */,
				AAAD970720FD8B45001439DD /* MASConstraintMaker.h */,
				AAAD970820FD8B45001439DD /* MASConstraintMaker.m */,
				AAAD970920FD8B45001439DD /* MASLayoutConstraint.h */,
				AAAD970A20FD8B45001439DD /* MASLayoutConstraint.m */,
				AAAD970B20FD8B45001439DD /* Masonry.h */,
				AAAD970C20FD8B45001439DD /* MASUtilities.h */,
				AAAD970D20FD8B45001439DD /* MASViewAttribute.h */,
				AAAD970E20FD8B45001439DD /* MASViewAttribute.m */,
				AAAD970F20FD8B45001439DD /* MASViewConstraint.h */,
				AAAD971020FD8B45001439DD /* MASViewConstraint.m */,
				AAAD971120FD8B45001439DD /* NSArray+MASAdditions.h */,
				AAAD971220FD8B45001439DD /* NSArray+MASAdditions.m */,
				AAAD971320FD8B45001439DD /* NSArray+MASShorthandAdditions.h */,
				AAAD971420FD8B45001439DD /* NSLayoutConstraint+MASDebugAdditions.h */,
				AAAD971520FD8B45001439DD /* NSLayoutConstraint+MASDebugAdditions.m */,
				AAAD971620FD8B45001439DD /* View+MASAdditions.h */,
				AAAD971720FD8B45001439DD /* View+MASAdditions.m */,
				AAAD971820FD8B45001439DD /* View+MASShorthandAdditions.h */,
				AAAD971920FD8B45001439DD /* ViewController+MASAdditions.h */,
				AAAD971A20FD8B45001439DD /* ViewController+MASAdditions.m */,
			);
			path = Masonry;
			sourceTree = "<group>";
		};
		AAAD972620FD8BDC001439DD /* Utility */ = {
			isa = PBXGroup;
			children = (
				AAAD972A20FD8D11001439DD /* UtilsMacro.h */,
				AAAD972720FD8BEA001439DD /* UIUtility.h */,
				AAAD972820FD8BEA001439DD /* UIUtility.m */,
			);
			path = Utility;
			sourceTree = "<group>";
		};
		AAAD972B20FD985A001439DD /* resource */ = {
			isa = PBXGroup;
			children = (
				AAAD972D20FD9885001439DD /* IMG_0285.PNG */,
				AAAD972C20FD9885001439DD /* IMG_0286.PNG */,
				AAAD973020FD9886001439DD /* IMG_0287.mov */,
				AAAD972E20FD9885001439DD /* IMG_0288.PNG */,
				AAAD972F20FD9885001439DD /* IMG_0289.PNG */,
			);
			path = resource;
			sourceTree = "<group>";
		};
/* End PBXGroup section */

/* Begin PBXNativeTarget section */
		AAAD96BB20FD8996001439DD /* YJCustomCamera */ = {
			isa = PBXNativeTarget;
			buildConfigurationList = AAAD96E820FD89A2001439DD /* Build configuration list for PBXNativeTarget "YJCustomCamera" */;
			buildPhases = (
				AAAD96B820FD8996001439DD /* Sources */,
				AAAD96B920FD8996001439DD /* Frameworks */,
				AAAD96BA20FD8996001439DD /* Resources */,
			);
			buildRules = (
			);
			dependencies = (
			);
			name = YJCustomCamera;
			productName = YJCustomCamera;
			productReference = AAAD96BC20FD8996001439DD /* YJCustomCamera.app */;
			productType = "com.apple.product-type.application";
		};
		AAAD96D320FD89A2001439DD /* YJCustomCameraTests */ = {
			isa = PBXNativeTarget;
			buildConfigurationList = AAAD96EB20FD89A2001439DD /* Build configuration list for PBXNativeTarget "YJCustomCameraTests" */;
			buildPhases = (
				AAAD96D020FD89A2001439DD /* Sources */,
				AAAD96D120FD89A2001439DD /* Frameworks */,
				AAAD96D220FD89A2001439DD /* Resources */,
			);
			buildRules = (
			);
			dependencies = (
				AAAD96D620FD89A2001439DD /* PBXTargetDependency */,
			);
			name = YJCustomCameraTests;
			productName = YJCustomCameraTests;
			productReference = AAAD96D420FD89A2001439DD /* YJCustomCameraTests.xctest */;
			productType = "com.apple.product-type.bundle.unit-test";
		};
		AAAD96DE20FD89A2001439DD /* YJCustomCameraUITests */ = {
			isa = PBXNativeTarget;
			buildConfigurationList = AAAD96EE20FD89A2001439DD /* Build configuration list for PBXNativeTarget "YJCustomCameraUITests" */;
			buildPhases = (
				AAAD96DB20FD89A2001439DD /* Sources */,
				AAAD96DC20FD89A2001439DD /* Frameworks */,
				AAAD96DD20FD89A2001439DD /* Resources */,
			);
			buildRules = (
			);
			dependencies = (
				AAAD96E120FD89A2001439DD /* PBXTargetDependency */,
			);
			name = YJCustomCameraUITests;
			productName = YJCustomCameraUITests;
			productReference = AAAD96DF20FD89A2001439DD /* YJCustomCameraUITests.xctest */;
			productType = "com.apple.product-type.bundle.ui-testing";
		};
/* End PBXNativeTarget section */

/* Begin PBXProject section */
		AAAD96B420FD8996001439DD /* Project object */ = {
			isa = PBXProject;
			attributes = {
				LastUpgradeCheck = 0940;
				ORGANIZATIONNAME = YangJian;
				TargetAttributes = {
					AAAD96BB20FD8996001439DD = {
						CreatedOnToolsVersion = 9.4.1;
					};
					AAAD96D320FD89A2001439DD = {
						CreatedOnToolsVersion = 9.4.1;
						TestTargetID = AAAD96BB20FD8996001439DD;
					};
					AAAD96DE20FD89A2001439DD = {
						CreatedOnToolsVersion = 9.4.1;
						TestTargetID = AAAD96BB20FD8996001439DD;
					};
				};
			};
			buildConfigurationList = AAAD96B720FD8996001439DD /* Build configuration list for PBXProject "YJCustomCamera" */;
			compatibilityVersion = "Xcode 9.3";
			developmentRegion = en;
			hasScannedForEncodings = 0;
			knownRegions = (
				en,
				Base,
			);
			mainGroup = AAAD96B320FD8996001439DD;
			productRefGroup = AAAD96BD20FD8996001439DD /* Products */;
			projectDirPath = "";
			projectRoot = "";
			targets = (
				AAAD96BB20FD8996001439DD /* YJCustomCamera */,
				AAAD96D320FD89A2001439DD /* YJCustomCameraTests */,
				AAAD96DE20FD89A2001439DD /* YJCustomCameraUITests */,
			);
		};
/* End PBXProject section */

/* Begin PBXResourcesBuildPhase section */
		AAAD96BA20FD8996001439DD /* Resources */ = {
			isa = PBXResourcesBuildPhase;
			buildActionMask = 2147483647;
			files = (
				AAAD971B20FD8B45001439DD /* Info.plist in Resources */,
				AAAD96CC20FD89A1001439DD /* LaunchScreen.storyboard in Resources */,
				AAAD96C920FD89A1001439DD /* Assets.xcassets in Resources */,
				AAAD973520FD9886001439DD /* IMG_0287.mov in Resources */,
				AAAD973120FD9886001439DD /* IMG_0286.PNG in Resources */,
				AAAD973320FD9886001439DD /* IMG_0288.PNG in Resources */,
				AAAD973220FD9886001439DD /* IMG_0285.PNG in Resources */,
				AAAD973420FD9886001439DD /* IMG_0289.PNG in Resources */,
				AAAD96C720FD8996001439DD /* Main.storyboard in Resources */,
			);
			runOnlyForDeploymentPostprocessing = 0;
		};
		AAAD96D220FD89A2001439DD /* Resources */ = {
			isa = PBXResourcesBuildPhase;
			buildActionMask = 2147483647;
			files = (
			);
			runOnlyForDeploymentPostprocessing = 0;
		};
		AAAD96DD20FD89A2001439DD /* Resources */ = {
			isa = PBXResourcesBuildPhase;
			buildActionMask = 2147483647;
			files = (
			);
			runOnlyForDeploymentPostprocessing = 0;
		};
/* End PBXResourcesBuildPhase section */

/* Begin PBXSourcesBuildPhase section */
		AAAD96B820FD8996001439DD /* Sources */ = {
			isa = PBXSourcesBuildPhase;
			buildActionMask = 2147483647;
			files = (
				AAAD972220FD8B45001439DD /* NSArray+MASAdditions.m in Sources */,
				AAAD972120FD8B45001439DD /* MASViewConstraint.m in Sources */,
				AAAD96FE20FD89EE001439DD /* YJVideoController.m in Sources */,
				AAAD971E20FD8B45001439DD /* MASConstraintMaker.m in Sources */,
				AAAD972420FD8B45001439DD /* View+MASAdditions.m in Sources */,
				AAAD96C420FD8996001439DD /* ViewController.m in Sources */,
				AAAD971D20FD8B45001439DD /* MASConstraint.m in Sources */,
				AAAD96CF20FD89A1001439DD /* main.m in Sources */,
				AAAD972020FD8B45001439DD /* MASViewAttribute.m in Sources */,
				AAAD972320FD8B45001439DD /* NSLayoutConstraint+MASDebugAdditions.m in Sources */,
				AAAD96FC20FD89EE001439DD /* YJAVPlayer.m in Sources */,
				AAAD971C20FD8B45001439DD /* MASCompositeConstraint.m in Sources */,
				AAAD971F20FD8B45001439DD /* MASLayoutConstraint.m in Sources */,
				AAAD96C120FD8996001439DD /* AppDelegate.m in Sources */,
				AAAD972920FD8BEA001439DD /* UIUtility.m in Sources */,
				AAAD96FD20FD89EE001439DD /* YJProgressView.m in Sources */,
				AAAD972520FD8B45001439DD /* ViewController+MASAdditions.m in Sources */,
				AAAD96FF20FD89EE001439DD /* YJVideoView.m in Sources */,
			);
			runOnlyForDeploymentPostprocessing = 0;
		};
		AAAD96D020FD89A2001439DD /* Sources */ = {
			isa = PBXSourcesBuildPhase;
			buildActionMask = 2147483647;
			files = (
				AAAD96D920FD89A2001439DD /* YJCustomCameraTests.m in Sources */,
			);
			runOnlyForDeploymentPostprocessing = 0;
		};
		AAAD96DB20FD89A2001439DD /* Sources */ = {
			isa = PBXSourcesBuildPhase;
			buildActionMask = 2147483647;
			files = (
				AAAD96E420FD89A2001439DD /* YJCustomCameraUITests.m in Sources */,
			);
			runOnlyForDeploymentPostprocessing = 0;
		};
/* End PBXSourcesBuildPhase section */

/* Begin PBXTargetDependency section */
		AAAD96D620FD89A2001439DD /* PBXTargetDependency */ = {
			isa = PBXTargetDependency;
			target = AAAD96BB20FD8996001439DD /* YJCustomCamera */;
			targetProxy = AAAD96D520FD89A2001439DD /* PBXContainerItemProxy */;
		};
		AAAD96E120FD89A2001439DD /* PBXTargetDependency */ = {
			isa = PBXTargetDependency;
			target = AAAD96BB20FD8996001439DD /* YJCustomCamera */;
			targetProxy = AAAD96E020FD89A2001439DD /* PBXContainerItemProxy */;
		};
/* End PBXTargetDependency section */

/* Begin PBXVariantGroup section */
		AAAD96C520FD8996001439DD /* Main.storyboard */ = {
			isa = PBXVariantGroup;
			children = (
				AAAD96C620FD8996001439DD /* Base */,
			);
			name = Main.storyboard;
			sourceTree = "<group>";
		};
		AAAD96CA20FD89A1001439DD /* LaunchScreen.storyboard */ = {
			isa = PBXVariantGroup;
			children = (
				AAAD96CB20FD89A1001439DD /* Base */,
			);
			name = LaunchScreen.storyboard;
			sourceTree = "<group>";
		};
/* End PBXVariantGroup section */

/* Begin XCBuildConfiguration section */
		AAAD96E620FD89A2001439DD /* Debug */ = {
			isa = XCBuildConfiguration;
			buildSettings = {
				ALWAYS_SEARCH_USER_PATHS = NO;
				CLANG_ANALYZER_NONNULL = YES;
				CLANG_ANALYZER_NUMBER_OBJECT_CONVERSION = YES_AGGRESSIVE;
				CLANG_CXX_LANGUAGE_STANDARD = "gnu++14";
				CLANG_CXX_LIBRARY = "libc++";
				CLANG_ENABLE_MODULES = YES;
				CLANG_ENABLE_OBJC_ARC = YES;
				CLANG_ENABLE_OBJC_WEAK = YES;
				CLANG_WARN_BLOCK_CAPTURE_AUTORELEASING = YES;
				CLANG_WARN_BOOL_CONVERSION = YES;
				CLANG_WARN_COMMA = YES;
				CLANG_WARN_CONSTANT_CONVERSION = YES;
				CLANG_WARN_DEPRECATED_OBJC_IMPLEMENTATIONS = YES;
				CLANG_WARN_DIRECT_OBJC_ISA_USAGE = YES_ERROR;
				CLANG_WARN_DOCUMENTATION_COMMENTS = YES;
				CLANG_WARN_EMPTY_BODY = YES;
				CLANG_WARN_ENUM_CONVERSION = YES;
				CLANG_WARN_INFINITE_RECURSION = YES;
				CLANG_WARN_INT_CONVERSION = YES;
				CLANG_WARN_NON_LITERAL_NULL_CONVERSION = YES;
				CLANG_WARN_OBJC_IMPLICIT_RETAIN_SELF = YES;
				CLANG_WARN_OBJC_LITERAL_CONVERSION = YES;
				CLANG_WARN_OBJC_ROOT_CLASS = YES_ERROR;
				CLANG_WARN_RANGE_LOOP_ANALYSIS = YES;
				CLANG_WARN_STRICT_PROTOTYPES = YES;
				CLANG_WARN_SUSPICIOUS_MOVE = YES;
				CLANG_WARN_UNGUARDED_AVAILABILITY = YES_AGGRESSIVE;
				CLANG_WARN_UNREACHABLE_CODE = YES;
				CLANG_WARN__DUPLICATE_METHOD_MATCH = YES;
				CODE_SIGN_IDENTITY = "iPhone Developer";
				COPY_PHASE_STRIP = NO;
				DEBUG_INFORMATION_FORMAT = dwarf;
				ENABLE_STRICT_OBJC_MSGSEND = YES;
				ENABLE_TESTABILITY = YES;
				GCC_C_LANGUAGE_STANDARD = gnu11;
				GCC_DYNAMIC_NO_PIC = NO;
				GCC_NO_COMMON_BLOCKS = YES;
				GCC_OPTIMIZATION_LEVEL = 0;
				GCC_PREPROCESSOR_DEFINITIONS = (
					"DEBUG=1",
					"$(inherited)",
				);
				GCC_WARN_64_TO_32_BIT_CONVERSION = YES;
				GCC_WARN_ABOUT_RETURN_TYPE = YES_ERROR;
				GCC_WARN_UNDECLARED_SELECTOR = YES;
				GCC_WARN_UNINITIALIZED_AUTOS = YES_AGGRESSIVE;
				GCC_WARN_UNUSED_FUNCTION = YES;
				GCC_WARN_UNUSED_VARIABLE = YES;
				IPHONEOS_DEPLOYMENT_TARGET = 11.4;
				MTL_ENABLE_DEBUG_INFO = YES;
				ONLY_ACTIVE_ARCH = YES;
				SDKROOT = iphoneos;
			};
			name = Debug;
		};
		AAAD96E720FD89A2001439DD /* Release */ = {
			isa = XCBuildConfiguration;
			buildSettings = {
				ALWAYS_SEARCH_USER_PATHS = NO;
				CLANG_ANALYZER_NONNULL = YES;
				CLANG_ANALYZER_NUMBER_OBJECT_CONVERSION = YES_AGGRESSIVE;
				CLANG_CXX_LANGUAGE_STANDARD = "gnu++14";
				CLANG_CXX_LIBRARY = "libc++";
				CLANG_ENABLE_MODULES = YES;
				CLANG_ENABLE_OBJC_ARC = YES;
				CLANG_ENABLE_OBJC_WEAK = YES;
				CLANG_WARN_BLOCK_CAPTURE_AUTORELEASING = YES;
				CLANG_WARN_BOOL_CONVERSION = YES;
				CLANG_WARN_COMMA = YES;
				CLANG_WARN_CONSTANT_CONVERSION = YES;
				CLANG_WARN_DEPRECATED_OBJC_IMPLEMENTATIONS = YES;
				CLANG_WARN_DIRECT_OBJC_ISA_USAGE = YES_ERROR;
				CLANG_WARN_DOCUMENTATION_COMMENTS = YES;
				CLANG_WARN_EMPTY_BODY = YES;
				CLANG_WARN_ENUM_CONVERSION = YES;
				CLANG_WARN_INFINITE_RECURSION = YES;
				CLANG_WARN_INT_CONVERSION = YES;
				CLANG_WARN_NON_LITERAL_NULL_CONVERSION = YES;
				CLANG_WARN_OBJC_IMPLICIT_RETAIN_SELF = YES;
				CLANG_WARN_OBJC_LITERAL_CONVERSION = YES;
				CLANG_WARN_OBJC_ROOT_CLASS = YES_ERROR;
				CLANG_WARN_RANGE_LOOP_ANALYSIS = YES;
				CLANG_WARN_STRICT_PROTOTYPES = YES;
				CLANG_WARN_SUSPICIOUS_MOVE = YES;
				CLANG_WARN_UNGUARDED_AVAILABILITY = YES_AGGRESSIVE;
				CLANG_WARN_UNREACHABLE_CODE = YES;
				CLANG_WARN__DUPLICATE_METHOD_MATCH = YES;
				CODE_SIGN_IDENTITY = "iPhone Developer";
				COPY_PHASE_STRIP = NO;
				DEBUG_INFORMATION_FORMAT = "dwarf-with-dsym";
				ENABLE_NS_ASSERTIONS = NO;
				ENABLE_STRICT_OBJC_MSGSEND = YES;
				GCC_C_LANGUAGE_STANDARD = gnu11;
				GCC_NO_COMMON_BLOCKS = YES;
				GCC_WARN_64_TO_32_BIT_CONVERSION = YES;
				GCC_WARN_ABOUT_RETURN_TYPE = YES_ERROR;
				GCC_WARN_UNDECLARED_SELECTOR = YES;
				GCC_WARN_UNINITIALIZED_AUTOS = YES_AGGRESSIVE;
				GCC_WARN_UNUSED_FUNCTION = YES;
				GCC_WARN_UNUSED_VARIABLE = YES;
				IPHONEOS_DEPLOYMENT_TARGET = 11.4;
				MTL_ENABLE_DEBUG_INFO = NO;
				SDKROOT = iphoneos;
				VALIDATE_PRODUCT = YES;
			};
			name = Release;
		};
		AAAD96E920FD89A2001439DD /* Debug */ = {
			isa = XCBuildConfiguration;
			buildSettings = {
				ASSETCATALOG_COMPILER_APPICON_NAME = AppIcon;
				CODE_SIGN_STYLE = Automatic;
				DEVELOPMENT_TEAM = ETX6D999K8;
				INFOPLIST_FILE = YJCustomCamera/Info.plist;
				IPHONEOS_DEPLOYMENT_TARGET = 8.0;
				LD_RUNPATH_SEARCH_PATHS = (
					"$(inherited)",
					"@executable_path/Frameworks",
				);
				PRODUCT_BUNDLE_IDENTIFIER = cn.net.yangjian.YJCustomCamera;
				PRODUCT_NAME = "$(TARGET_NAME)";
				TARGETED_DEVICE_FAMILY = "1,2";
			};
			name = Debug;
		};
		AAAD96EA20FD89A2001439DD /* Release */ = {
			isa = XCBuildConfiguration;
			buildSettings = {
				ASSETCATALOG_COMPILER_APPICON_NAME = AppIcon;
				CODE_SIGN_STYLE = Automatic;
				DEVELOPMENT_TEAM = ETX6D999K8;
				INFOPLIST_FILE = YJCustomCamera/Info.plist;
				IPHONEOS_DEPLOYMENT_TARGET = 8.0;
				LD_RUNPATH_SEARCH_PATHS = (
					"$(inherited)",
					"@executable_path/Frameworks",
				);
				PRODUCT_BUNDLE_IDENTIFIER = cn.net.yangjian.YJCustomCamera;
				PRODUCT_NAME = "$(TARGET_NAME)";
				TARGETED_DEVICE_FAMILY = "1,2";
			};
			name = Release;
		};
		AAAD96EC20FD89A2001439DD /* Debug */ = {
			isa = XCBuildConfiguration;
			buildSettings = {
				BUNDLE_LOADER = "$(TEST_HOST)";
				CODE_SIGN_STYLE = Automatic;
				INFOPLIST_FILE = YJCustomCameraTests/Info.plist;
				LD_RUNPATH_SEARCH_PATHS = (
					"$(inherited)",
					"@executable_path/Frameworks",
					"@loader_path/Frameworks",
				);
				PRODUCT_BUNDLE_IDENTIFIER = cn.net.yangjian.YJCustomCameraTests;
				PRODUCT_NAME = "$(TARGET_NAME)";
				TARGETED_DEVICE_FAMILY = "1,2";
				TEST_HOST = "$(BUILT_PRODUCTS_DIR)/YJCustomCamera.app/YJCustomCamera";
			};
			name = Debug;
		};
		AAAD96ED20FD89A2001439DD /* Release */ = {
			isa = XCBuildConfiguration;
			buildSettings = {
				BUNDLE_LOADER = "$(TEST_HOST)";
				CODE_SIGN_STYLE = Automatic;
				INFOPLIST_FILE = YJCustomCameraTests/Info.plist;
				LD_RUNPATH_SEARCH_PATHS = (
					"$(inherited)",
					"@executable_path/Frameworks",
					"@loader_path/Frameworks",
				);
				PRODUCT_BUNDLE_IDENTIFIER = cn.net.yangjian.YJCustomCameraTests;
				PRODUCT_NAME = "$(TARGET_NAME)";
				TARGETED_DEVICE_FAMILY = "1,2";
				TEST_HOST = "$(BUILT_PRODUCTS_DIR)/YJCustomCamera.app/YJCustomCamera";
			};
			name = Release;
		};
		AAAD96EF20FD89A2001439DD /* Debug */ = {
			isa = XCBuildConfiguration;
			buildSettings = {
				CODE_SIGN_STYLE = Automatic;
				INFOPLIST_FILE = YJCustomCameraUITests/Info.plist;
				LD_RUNPATH_SEARCH_PATHS = (
					"$(inherited)",
					"@executable_path/Frameworks",
					"@loader_path/Frameworks",
				);
				PRODUCT_BUNDLE_IDENTIFIER = cn.net.yangjian.YJCustomCameraUITests;
				PRODUCT_NAME = "$(TARGET_NAME)";
				TARGETED_DEVICE_FAMILY = "1,2";
				TEST_TARGET_NAME = YJCustomCamera;
			};
			name = Debug;
		};
		AAAD96F020FD89A2001439DD /* Release */ = {
			isa = XCBuildConfiguration;
			buildSettings = {
				CODE_SIGN_STYLE = Automatic;
				INFOPLIST_FILE = YJCustomCameraUITests/Info.plist;
				LD_RUNPATH_SEARCH_PATHS = (
					"$(inherited)",
					"@executable_path/Frameworks",
					"@loader_path/Frameworks",
				);
				PRODUCT_BUNDLE_IDENTIFIER = cn.net.yangjian.YJCustomCameraUITests;
				PRODUCT_NAME = "$(TARGET_NAME)";
				TARGETED_DEVICE_FAMILY = "1,2";
				TEST_TARGET_NAME = YJCustomCamera;
			};
			name = Release;
		};
/* End XCBuildConfiguration section */

/* Begin XCConfigurationList section */
		AAAD96B720FD8996001439DD /* Build configuration list for PBXProject "YJCustomCamera" */ = {
			isa = XCConfigurationList;
			buildConfigurations = (
				AAAD96E620FD89A2001439DD /* Debug */,
				AAAD96E720FD89A2001439DD /* Release */,
			);
			defaultConfigurationIsVisible = 0;
			defaultConfigurationName = Release;
		};
		AAAD96E820FD89A2001439DD /* Build configuration list for PBXNativeTarget "YJCustomCamera" */ = {
			isa = XCConfigurationList;
			buildConfigurations = (
				AAAD96E920FD89A2001439DD /* Debug */,
				AAAD96EA20FD89A2001439DD /* Release */,
			);
			defaultConfigurationIsVisible = 0;
			defaultConfigurationName = Release;
		};
		AAAD96EB20FD89A2001439DD /* Build configuration list for PBXNativeTarget "YJCustomCameraTests" */ = {
			isa = XCConfigurationList;
			buildConfigurations = (
				AAAD96EC20FD89A2001439DD /* Debug */,
				AAAD96ED20FD89A2001439DD /* Release */,
			);
			defaultConfigurationIsVisible = 0;
			defaultConfigurationName = Release;
		};
		AAAD96EE20FD89A2001439DD /* Build configuration list for PBXNativeTarget "YJCustomCameraUITests" */ = {
			isa = XCConfigurationList;
			buildConfigurations = (
				AAAD96EF20FD89A2001439DD /* Debug */,
				AAAD96F020FD89A2001439DD /* Release */,
			);
			defaultConfigurationIsVisible = 0;
			defaultConfigurationName = Release;
		};
/* End XCConfigurationList section */
	};
	rootObject = AAAD96B420FD8996001439DD /* Project object */;
}
